
Microsoft Visual Studio Solution File, Format Version 12.00
# Visual Studio Version 17
VisualStudioVersion = 17.8.34511.84
MinimumVisualStudioVersion = 10.0.40219.1
Project("{FAE04EC0-301F-11D3-BF4B-00C04F79EFBC}") = "BBPersonalPortfolio", "BBPersonalPortfolio\BBPersonalPortfolio.csproj", "{07678F3A-CB96-4C3A-96C0-C43AD0948E7B}"
EndProject
Project("{FAE04EC0-301F-11D3-BF4B-00C04F79EFBC}") = "Model", "Model\Model.csproj", "{DD317D92-7FE2-4F66-AC72-3ABB85C4DEA7}"
EndProject
Project("{FAE04EC0-301F-11D3-BF4B-00C04F79EFBC}") = "DataLayer", "DataLayer\DataLayer.csproj", "{DCBA27B9-05E0-41D3-A577-DC23532743AE}"
EndProject
Project("{FAE04EC0-301F-11D3-BF4B-00C04F79EFBC}") = "Business", "Business\Business.csproj", "{6F3D1736-56B0-4373-8799-A931BFBD2B9B}"
EndProject
Global
	GlobalSection(SolutionConfigurationPlatforms) = preSolution
		Debug|Any CPU = Debug|Any CPU
		Release|Any CPU = Release|Any CPU
	EndGlobalSection
	GlobalSection(ProjectConfigurationPlatforms) = postSolution
		{07678F3A-CB96-4C3A-96C0-C43AD0948E7B}.Debug|Any CPU.ActiveCfg = Debug|Any CPU
		{07678F3A-CB96-4C3A-96C0-C43AD0948E7B}.Debug|Any CPU.Build.0 = Debug|Any CPU
		{07678F3A-CB96-4C3A-96C0-C43AD0948E7B}.Release|Any CPU.ActiveCfg = Release|Any CPU
		{07678F3A-CB96-4C3A-96C0-C43AD0948E7B}.Release|Any CPU.Build.0 = Release|Any CPU
		{DD317D92-7FE2-4F66-AC72-3ABB85C4DEA7}.Debug|Any CPU.ActiveCfg = Debug|Any CPU
		{DD317D92-7FE2-4F66-AC72-3ABB85C4DEA7}.Debug|Any CPU.Build.0 = Debug|Any CPU
		{DD317D92-7FE2-4F66-AC72-3ABB85C4DEA7}.Release|Any CPU.ActiveCfg = Release|Any CPU
		{DD317D92-7FE2-4F66-AC72-3ABB85C4DEA7}.Release|Any CPU.Build.0 = Release|Any CPU
		{DCBA27B9-05E0-41D3-A577-DC23532743AE}.Debug|Any CPU.ActiveCfg = Debug|Any CPU
		{DCBA27B9-05E0-41D3-A577-DC23532743AE}.Debug|Any CPU.Build.0 = Debug|Any CPU
		{DCBA27B9-05E0-41D3-A577-DC23532743AE}.Release|Any CPU.ActiveCfg = Release|Any CPU
		{DCBA27B9-05E0-41D3-A577-DC23532743AE}.Release|Any CPU.Build.0 = Release|Any CPU
		{6F3D1736-56B0-4373-8799-A931BFBD2B9B}.Debug|Any CPU.ActiveCfg = Debug|Any CPU
		{6F3D1736-56B0-4373-8799-A931BFBD2B9B}.Debug|Any CPU.Build.0 = Debug|Any CPU
		{6F3D1736-56B0-4373-8799-A931BFBD2B9B}.Release|Any CPU.ActiveCfg = Release|Any CPU
		{6F3D1736-56B0-4373-8799-A931BFBD2B9B}.Release|Any CPU.Build.0 = Release|Any CPU
	EndGlobalSection
	GlobalSection(SolutionProperties) = preSolution
		HideSolutionNode = FALSE
	EndGlobalSection
	GlobalSection(ExtensibilityGlobals) = postSolution
		SolutionGuid = {86EA3603-F3FE-4110-9692-CA249AA09D8F}
	EndGlobalSection
EndGlobal
